{
  "pins" : [
    {
      "identity" : "precisionlevelslider",
      "kind" : "remoteSourceControl",
      "location" : "https://github.com/FluidGroup/PrecisionLevelSlider",
      "state" : {
        "revision" : "d16becc518758b6f984ff07f8e8c6a0fa9245492",
        "version" : "2.2.0"
      }
    },
    {
      "identity" : "rxswift",
      "kind" : "remoteSourceControl",
      "location" : "https://github.com/ReactiveX/RxSwift.git",
      "state" : {
        "revision" : "5dd1907d64f0d36f158f61a466bab75067224893",
        "version" : "6.9.0"
      }
    },
    {
      "identity" : "swift-atomics",
      "kind" : "remoteSourceControl",
      "location" : "https://github.com/apple/swift-atomics.git",
      "state" : {
        "revision" : "b601256eab081c0f92f059e12818ac1d4f178ff7",
        "version" : "1.3.0"
      }
    },
    {
      "identity" : "swift-collections",
      "kind" : "remoteSourceControl",
      "location" : "https://github.com/apple/swift-collections",
      "state" : {
        "revision" : "7b847a3b7008b2dc2f47ca3110d8c782fb2e5c7e",
        "version" : "1.3.0"
      }
    },
    {
      "identity" : "swift-concurrency-task-manager",
      "kind" : "remoteSourceControl",
      "location" : "https://github.com/VergeGroup/swift-concurrency-task-manager",
      "state" : {
        "revision" : "340cf14e0282977deeeb436605d1810ce4f4fbc9",
        "version" : "1.4.0"
      }
    },
    {
      "identity" : "swift-syntax",
      "kind" : "remoteSourceControl",
      "location" : "https://github.com/swiftlang/swift-syntax.git",
      "state" : {
        "revision" : "4799286537280063c85a32f09884cfbca301b1a1",
        "version" : "602.0.0"
      }
    },
    {
      "identity" : "swift-verge",
      "kind" : "remoteSourceControl",
      "location" : "https://github.com/wenext-limited/swift-verge",
      "state" : {
        "revision" : "fcc6ef4024e638e93e1528b25617f92007f42581",
        "version" : "12.5.1"
      }
    },
    {
      "identity" : "swiftui-hosting",
      "kind" : "remoteSourceControl",
      "location" : "https://github.com/FluidGroup/swiftui-Hosting",
      "state" : {
        "revision" : "b929e05249aef39c24470daac68c2df93e418e34",
        "version" : "2.5.0"
      }
    },
    {
      "identity" : "transitionpatch",
      "kind" : "remoteSourceControl",
      "location" : "https://github.com/FluidGroup/TransitionPatch.git",
      "state" : {
        "revision" : "88aac5305fe568ef62f73a3cf19f0b8392ffb52c",
        "version" : "1.0.5"
      }
    }
  ],
  "version" : 2
}
